
Microsoft Visual Studio Solution File, Format Version 12.00
# Visual Studio 14
VisualStudioVersion = 14.0.24720.0
MinimumVisualStudioVersion = 10.0.40219.1
Project("{FAE04EC0-301F-11D3-BF4B-00C04F79EFBC}") = "ExtendedEuclideanAlgorithm", "ExtendedEuclideanAlgorithm\ExtendedEuclideanAlgorithm.csproj", "{B6A54B02-77CF-4A95-8B53-44141F48E1F3}"
EndProject
Project("{FAE04EC0-301F-11D3-BF4B-00C04F79EFBC}") = "BasicArithmetic", "BasicArithmetic\BasicArithmetic.csproj", "{0318FA53-C7FD-43A2-986D-A6398AB45AB3}"
EndProject
Project("{FAE04EC0-301F-11D3-BF4B-00C04F79EFBC}") = "GFCalulator", "GFCalulator\GFCalulator.csproj", "{9E8CF9E6-72C2-4DC5-9429-D7D0DCDDA216}"
EndProject
Global
	GlobalSection(SolutionConfigurationPlatforms) = preSolution
		Debug|Any CPU = Debug|Any CPU
		Release|Any CPU = Release|Any CPU
	EndGlobalSection
	GlobalSection(ProjectConfigurationPlatforms) = postSolution
		{B6A54B02-77CF-4A95-8B53-44141F48E1F3}.Debug|Any CPU.ActiveCfg = Debug|Any CPU
		{B6A54B02-77CF-4A95-8B53-44141F48E1F3}.Debug|Any CPU.Build.0 = Debug|Any CPU
		{B6A54B02-77CF-4A95-8B53-44141F48E1F3}.Release|Any CPU.ActiveCfg = Release|Any CPU
		{B6A54B02-77CF-4A95-8B53-44141F48E1F3}.Release|Any CPU.Build.0 = Release|Any CPU
		{0318FA53-C7FD-43A2-986D-A6398AB45AB3}.Debug|Any CPU.ActiveCfg = Debug|Any CPU
		{0318FA53-C7FD-43A2-986D-A6398AB45AB3}.Debug|Any CPU.Build.0 = Debug|Any CPU
		{0318FA53-C7FD-43A2-986D-A6398AB45AB3}.Release|Any CPU.ActiveCfg = Release|Any CPU
		{0318FA53-C7FD-43A2-986D-A6398AB45AB3}.Release|Any CPU.Build.0 = Release|Any CPU
		{9E8CF9E6-72C2-4DC5-9429-D7D0DCDDA216}.Debug|Any CPU.ActiveCfg = Debug|Any CPU
		{9E8CF9E6-72C2-4DC5-9429-D7D0DCDDA216}.Debug|Any CPU.Build.0 = Debug|Any CPU
		{9E8CF9E6-72C2-4DC5-9429-D7D0DCDDA216}.Release|Any CPU.ActiveCfg = Release|Any CPU
		{9E8CF9E6-72C2-4DC5-9429-D7D0DCDDA216}.Release|Any CPU.Build.0 = Release|Any CPU
	EndGlobalSection
	GlobalSection(SolutionProperties) = preSolution
		HideSolutionNode = FALSE
	EndGlobalSection
EndGlobal
